
Microsoft Visual Studio Solution File, Format Version 12.00
# Visual Studio Version 17
VisualStudioVersion = 17.4.33213.308
MinimumVisualStudioVersion = 10.0.40219.1
Project("{9A19103F-16F7-4668-BE54-9A1E7A4F7556}") = "EncryptSample", "EncryptSample.csproj", "{60217226-63A1-4DF2-B666-A857C0D4DE62}"
EndProject
Global
	GlobalSection(SolutionConfigurationPlatforms) = preSolution
		Debug|Any CPU = Debug|Any CPU
		Release|Any CPU = Release|Any CPU
	EndGlobalSection
	GlobalSection(ProjectConfigurationPlatforms) = postSolution
		{60217226-63A1-4DF2-B666-A857C0D4DE62}.Debug|Any CPU.ActiveCfg = Debug|Any CPU
		{60217226-63A1-4DF2-B666-A857C0D4DE62}.Debug|Any CPU.Build.0 = Debug|Any CPU
		{60217226-63A1-4DF2-B666-A857C0D4DE62}.Release|Any CPU.ActiveCfg = Release|Any CPU
		{60217226-63A1-4DF2-B666-A857C0D4DE62}.Release|Any CPU.Build.0 = Release|Any CPU
	EndGlobalSection
	GlobalSection(SolutionProperties) = preSolution
		HideSolutionNode = FALSE
	EndGlobalSection
	GlobalSection(ExtensibilityGlobals) = postSolution
		SolutionGuid = {8E1C6406-073F-4398-8CC7-BE7365BB79B9}
	EndGlobalSection
EndGlobal
